
Microsoft Visual Studio Solution File, Format Version 12.00
# Visual Studio Version 17
VisualStudioVersion = 17.6.33801.468
MinimumVisualStudioVersion = 10.0.40219.1
Project("{9A19103F-16F7-4668-BE54-9A1E7A4F7556}") = "Api", "Api\Api.csproj", "{4471111D-E9E9-4C16-BF91-AC4435F12022}"
EndProject
Project("{9A19103F-16F7-4668-BE54-9A1E7A4F7556}") = "Domain", "Domain\Domain.csproj", "{B125C2FD-3C8D-4F68-9374-CB6121C0E4B0}"
EndProject
Project("{9A19103F-16F7-4668-BE54-9A1E7A4F7556}") = "Repositorio", "Repositorio\Repositorio.csproj", "{9D058089-FD35-4667-AB35-02B34B208E40}"
EndProject
Project("{9A19103F-16F7-4668-BE54-9A1E7A4F7556}") = "Servico", "Servico\Servico.csproj", "{3790CBD2-00CD-4AEF-B161-221087E23062}"
EndProject
Global
	GlobalSection(SolutionConfigurationPlatforms) = preSolution
		Debug|Any CPU = Debug|Any CPU
		Release|Any CPU = Release|Any CPU
	EndGlobalSection
	GlobalSection(ProjectConfigurationPlatforms) = postSolution
		{4471111D-E9E9-4C16-BF91-AC4435F12022}.Debug|Any CPU.ActiveCfg = Debug|Any CPU
		{4471111D-E9E9-4C16-BF91-AC4435F12022}.Debug|Any CPU.Build.0 = Debug|Any CPU
		{4471111D-E9E9-4C16-BF91-AC4435F12022}.Release|Any CPU.ActiveCfg = Release|Any CPU
		{4471111D-E9E9-4C16-BF91-AC4435F12022}.Release|Any CPU.Build.0 = Release|Any CPU
		{B125C2FD-3C8D-4F68-9374-CB6121C0E4B0}.Debug|Any CPU.ActiveCfg = Debug|Any CPU
		{B125C2FD-3C8D-4F68-9374-CB6121C0E4B0}.Debug|Any CPU.Build.0 = Debug|Any CPU
		{B125C2FD-3C8D-4F68-9374-CB6121C0E4B0}.Release|Any CPU.ActiveCfg = Release|Any CPU
		{B125C2FD-3C8D-4F68-9374-CB6121C0E4B0}.Release|Any CPU.Build.0 = Release|Any CPU
		{9D058089-FD35-4667-AB35-02B34B208E40}.Debug|Any CPU.ActiveCfg = Debug|Any CPU
		{9D058089-FD35-4667-AB35-02B34B208E40}.Debug|Any CPU.Build.0 = Debug|Any CPU
		{9D058089-FD35-4667-AB35-02B34B208E40}.Release|Any CPU.ActiveCfg = Release|Any CPU
		{9D058089-FD35-4667-AB35-02B34B208E40}.Release|Any CPU.Build.0 = Release|Any CPU
		{3790CBD2-00CD-4AEF-B161-221087E23062}.Debug|Any CPU.ActiveCfg = Debug|Any CPU
		{3790CBD2-00CD-4AEF-B161-221087E23062}.Debug|Any CPU.Build.0 = Debug|Any CPU
		{3790CBD2-00CD-4AEF-B161-221087E23062}.Release|Any CPU.ActiveCfg = Release|Any CPU
		{3790CBD2-00CD-4AEF-B161-221087E23062}.Release|Any CPU.Build.0 = Release|Any CPU
	EndGlobalSection
	GlobalSection(SolutionProperties) = preSolution
		HideSolutionNode = FALSE
	EndGlobalSection
	GlobalSection(ExtensibilityGlobals) = postSolution
		SolutionGuid = {4E91F41E-DF5E-4B59-A853-DA9DBDFCDF08}
	EndGlobalSection
EndGlobal
